# This file is generated by running "yarn install" inside your project.
# Manual changes might be lost - proceed with caution!

__metadata:
  version: 10
  cacheKey: 10c0

"portless@npm:0.11.1":
  version: 0.11.1
  resolution: "portless@npm:0.11.1"
  bin:
    portless: dist/cli.js
  conditions: (os=darwin | os=linux | os=win32)
  languageName: node
  linkType: hard

"seeditarchive@workspace:.":
  version: 0.0.0-use.local
  resolution: "seeditarchive@workspace:."
  dependencies:
    portless: "npm:0.11.1"
  dependenciesMeta:
    portless:
      optional: true
  languageName: unknown
  linkType: soft
